
Microsoft Visual Studio Solution File, Format Version 12.00
Project("{FAE04EC0-301F-11D3-BF4B-00C04F79EFBC}") = "HTMXDemo.UI", "HTMXDemo.UI\HTMXDemo.UI.csproj", "{93375C60-B6DE-41E0-AA30-31CF479D37C0}"
EndProject
Global
	GlobalSection(SolutionConfigurationPlatforms) = preSolution
		Debug|Any CPU = Debug|Any CPU
		Release|Any CPU = Release|Any CPU
	EndGlobalSection
	GlobalSection(ProjectConfigurationPlatforms) = postSolution
		{93375C60-B6DE-41E0-AA30-31CF479D37C0}.Debug|Any CPU.ActiveCfg = Debug|Any CPU
		{93375C60-B6DE-41E0-AA30-31CF479D37C0}.Debug|Any CPU.Build.0 = Debug|Any CPU
		{93375C60-B6DE-41E0-AA30-31CF479D37C0}.Release|Any CPU.ActiveCfg = Release|Any CPU
		{93375C60-B6DE-41E0-AA30-31CF479D37C0}.Release|Any CPU.Build.0 = Release|Any CPU
	EndGlobalSection
EndGlobal
